
Microsoft Visual Studio Solution File, Format Version 12.00
# Visual Studio Version 16
VisualStudioVersion = 16.0.29609.76
MinimumVisualStudioVersion = 10.0.40219.1
Project("{FAE04EC0-301F-11D3-BF4B-00C04F79EFBC}") = "ceSev", "ceSev\ceSev.csproj", "{10CFA054-E7D8-44F1-96B5-2C6FCB85AA5C}"
EndProject
Global
	GlobalSection(SolutionConfigurationPlatforms) = preSolution
		Debug|Any CPU = Debug|Any CPU
		Release|Any CPU = Release|Any CPU
	EndGlobalSection
	GlobalSection(ProjectConfigurationPlatforms) = postSolution
		{10CFA054-E7D8-44F1-96B5-2C6FCB85AA5C}.Debug|Any CPU.ActiveCfg = Debug|Any CPU
		{10CFA054-E7D8-44F1-96B5-2C6FCB85AA5C}.Debug|Any CPU.Build.0 = Debug|Any CPU
		{10CFA054-E7D8-44F1-96B5-2C6FCB85AA5C}.Release|Any CPU.ActiveCfg = Release|Any CPU
		{10CFA054-E7D8-44F1-96B5-2C6FCB85AA5C}.Release|Any CPU.Build.0 = Release|Any CPU
	EndGlobalSection
	GlobalSection(SolutionProperties) = preSolution
		HideSolutionNode = FALSE
	EndGlobalSection
	GlobalSection(ExtensibilityGlobals) = postSolution
		SolutionGuid = {E7F38899-96D7-45F6-8D10-2707822DFAA4}
	EndGlobalSection
EndGlobal
